{
  "version": "3",
  "packages": {
    "specifiers": {
      "jsr:@hono/hono": "jsr:@hono/hono@4.6.3",
      "jsr:@hono/hono@^4.6.3": "jsr:@hono/hono@4.6.3",
      "jsr:@supabase/supabase-js@2": "jsr:@supabase/supabase-js@2.45.4",
      "npm:@supabase/auth-js@2.65.0": "npm:@supabase/auth-js@2.65.0",
      "npm:@supabase/functions-js@2.4.1": "npm:@supabase/functions-js@2.4.1",
      "npm:@supabase/node-fetch@2.6.15": "npm:@supabase/node-fetch@2.6.15",
      "npm:@supabase/postgrest-js@1.16.1": "npm:@supabase/postgrest-js@1.16.1",
      "npm:@supabase/realtime-js@2.10.2": "npm:@supabase/realtime-js@2.10.2",
      "npm:@supabase/storage-js@2.7.0": "npm:@supabase/storage-js@2.7.0"
    },
    "jsr": {
      "@hono/hono@4.6.3": {
        "integrity": "a1f5a18cd12a0db54755b0461dd5a4e2d93a6f85403073eb710103eacc42daf3"
      },
      "@supabase/supabase-js@2.45.4": {
        "integrity": "8437784b8631665a28fadff4521003a119e5702010ccb31e68d84a6d29379e18",
        "dependencies": [
          "npm:@supabase/auth-js@2.65.0",
          "npm:@supabase/functions-js@2.4.1",
          "npm:@supabase/node-fetch@2.6.15",
          "npm:@supabase/postgrest-js@1.16.1",
          "npm:@supabase/realtime-js@2.10.2",
          "npm:@supabase/storage-js@2.7.0"
        ]
      }
    },
    "npm": {
      "@supabase/auth-js@2.65.0": {
        "integrity": "sha512-+wboHfZufAE2Y612OsKeVP4rVOeGZzzMLD/Ac3HrTQkkY4qXNjI6Af9gtmxwccE5nFvTiF114FEbIQ1hRq5uUw==",
        "dependencies": {
          "@supabase/node-fetch": "@supabase/node-fetch@2.6.15"
        }
      },
      "@supabase/functions-js@2.4.1": {
        "integrity": "sha512-8sZ2ibwHlf+WkHDUZJUXqqmPvWQ3UHN0W30behOJngVh/qHHekhJLCFbh0AjkE9/FqqXtf9eoVvmYgfCLk5tNA==",
        "dependencies": {
          "@supabase/node-fetch": "@supabase/node-fetch@2.6.15"
        }
      },
      "@supabase/node-fetch@2.6.15": {
        "integrity": "sha512-1ibVeYUacxWYi9i0cf5efil6adJ9WRyZBLivgjs+AUpewx1F3xPi7gLgaASI2SmIQxPoCEjAsLAzKPgMJVgOUQ==",
        "dependencies": {
          "whatwg-url": "whatwg-url@5.0.0"
        }
      },
      "@supabase/postgrest-js@1.16.1": {
        "integrity": "sha512-EOSEZFm5pPuCPGCmLF1VOCS78DfkSz600PBuvBND/IZmMciJ1pmsS3ss6TkB6UkuvTybYiBh7gKOYyxoEO3USA==",
        "dependencies": {
          "@supabase/node-fetch": "@supabase/node-fetch@2.6.15"
        }
      },
      "@supabase/realtime-js@2.10.2": {
        "integrity": "sha512-qyCQaNg90HmJstsvr2aJNxK2zgoKh9ZZA8oqb7UT2LCh3mj9zpa3Iwu167AuyNxsxrUE8eEJ2yH6wLCij4EApA==",
        "dependencies": {
          "@supabase/node-fetch": "@supabase/node-fetch@2.6.15",
          "@types/phoenix": "@types/phoenix@1.6.5",
          "@types/ws": "@types/ws@8.5.12",
          "ws": "ws@8.18.0"
        }
      },
      "@supabase/storage-js@2.7.0": {
        "integrity": "sha512-iZenEdO6Mx9iTR6T7wC7sk6KKsoDPLq8rdu5VRy7+JiT1i8fnqfcOr6mfF2Eaqky9VQzhP8zZKQYjzozB65Rig==",
        "dependencies": {
          "@supabase/node-fetch": "@supabase/node-fetch@2.6.15"
        }
      },
      "@types/node@18.16.19": {
        "integrity": "sha512-IXl7o+R9iti9eBW4Wg2hx1xQDig183jj7YLn8F7udNceyfkbn1ZxmzZXuak20gR40D7pIkIY1kYGx5VIGbaHKA==",
        "dependencies": {}
      },
      "@types/phoenix@1.6.5": {
        "integrity": "sha512-xegpDuR+z0UqG9fwHqNoy3rI7JDlvaPh2TY47Fl80oq6g+hXT+c/LEuE43X48clZ6lOfANl5WrPur9fYO1RJ/w==",
        "dependencies": {}
      },
      "@types/ws@8.5.12": {
        "integrity": "sha512-3tPRkv1EtkDpzlgyKyI8pGsGZAGPEaXeu0DOj5DI25Ja91bdAYddYHbADRYVrZMRbfW+1l5YwXVDKohDJNQxkQ==",
        "dependencies": {
          "@types/node": "@types/node@18.16.19"
        }
      },
      "tr46@0.0.3": {
        "integrity": "sha512-N3WMsuqV66lT30CrXNbEjx4GEwlow3v6rr4mCcv6prnfwhS01rkgyFdjPNBYd9br7LpXV1+Emh01fHnq2Gdgrw==",
        "dependencies": {}
      },
      "webidl-conversions@3.0.1": {
        "integrity": "sha512-2JAn3z8AR6rjK8Sm8orRC0h/bcl/DqL7tRPdGZ4I1CjdF+EaMLmYxBHyXuKL849eucPFhvBoxMsflfOb8kxaeQ==",
        "dependencies": {}
      },
      "whatwg-url@5.0.0": {
        "integrity": "sha512-saE57nupxk6v3HY35+jzBwYa0rKSy0XR8JSxZPwgLr7ys0IBzhGviA1/TUGJLmSVqs8pb9AnvICXEuOHLprYTw==",
        "dependencies": {
          "tr46": "tr46@0.0.3",
          "webidl-conversions": "webidl-conversions@3.0.1"
        }
      },
      "ws@8.18.0": {
        "integrity": "sha512-8VbfWfHLbbwu3+N6OKsOMpBdT4kXPDDB9cJk2bJ6mh9ucxdlnNvH1e+roYkKmN9Nxw2yjz7VzeO9oOz2zJ04Pw==",
        "dependencies": {}
      }
    }
  },
  "redirects": {
    "https://deno.land/std/encoding/base64.ts": "https://deno.land/std@0.224.0/encoding/base64.ts",
    "https://deno.land/std/encoding/hex.ts": "https://deno.land/std@0.224.0/encoding/hex.ts",
    "https://deno.land/x/crypto/aes.ts": "https://deno.land/x/crypto@v0.10.1/aes.ts",
    "https://deno.land/x/crypto/block-modes.ts": "https://deno.land/x/crypto@v0.10.1/block-modes.ts"
  },
  "remote": {
    "https://deno.land/std@0.224.0/encoding/_util.ts": "beacef316c1255da9bc8e95afb1fa56ed69baef919c88dc06ae6cb7a6103d376",
    "https://deno.land/std@0.224.0/encoding/base64.ts": "dd59695391584c8ffc5a296ba82bcdba6dd8a84d41a6a539fbee8e5075286eaf",
    "https://deno.land/std@0.224.0/encoding/hex.ts": "6270f25e5d85f99fcf315278670ba012b04b7c94b67715b53f30d03249687c07",
    "https://deno.land/x/crypto@v0.10.1/aes.ts": "0f4e5af07514a07d56ec01b2186c0153f13d6e00c26fc4e70692996af6280e48",
    "https://deno.land/x/crypto@v0.10.1/block-modes.ts": "a7ef359649a2cf235451e80aed7a5fda612d92ca2b158bf2a724b32899f8e455",
    "https://deno.land/x/crypto@v0.10.1/src/aes/consts.ts": "582aeed7afda2fe3deac4a60c4a9f29c60a7fb66f56645f95fa0ddab49bde994",
    "https://deno.land/x/crypto@v0.10.1/src/aes/mod.ts": "883d1e48d033dc4491f3a336c07235c5c4cb0371972476b8cdeea5e94ad2efbe",
    "https://deno.land/x/crypto@v0.10.1/src/block-modes/base.ts": "9006474c676782602ede9ea16aa49e8d084fd5670f6050641715a3d3085e1ba5",
    "https://deno.land/x/crypto@v0.10.1/src/block-modes/cbc.ts": "ce1ae944dd1912febd1d69c26c3a4ba18caeac9544ac3c62abd8b2429842de19",
    "https://deno.land/x/crypto@v0.10.1/src/block-modes/cfb.ts": "a1de2d9b81c0333be6c8d005019db1f4b2956264f8f0f93e7e51e8059ad16147",
    "https://deno.land/x/crypto@v0.10.1/src/block-modes/ctr.ts": "06fd8e338dbda0a6a7fa49718a0fd247830759820e61646a6cf611ad69a9d464",
    "https://deno.land/x/crypto@v0.10.1/src/block-modes/ecb.ts": "c346d692f16f8efbcc041c25dd761ca223ef92e03bb05457908953bf261ba325",
    "https://deno.land/x/crypto@v0.10.1/src/block-modes/mod.ts": "bb7e3ddafa15b1ca024b4b5013b23d134410d01e90ce3d5be5489eb9d5f601c5",
    "https://deno.land/x/crypto@v0.10.1/src/block-modes/ofb.ts": "0f77075505853b4ba1a55b4edecb17323f8a1489456a3d3b74717565cccbf2ef",
    "https://deno.land/x/crypto@v0.10.1/src/utils/bytes.ts": "7ccf6cb2d747d9b9de04c9a2494999957c1e86fd4e14bc228aad25283323f5a0",
    "https://deno.land/x/crypto@v0.10.1/src/utils/padding.ts": "544c51a471a413b15940bf08b285bc6a5db27796ff3cf240564f42701aba01dc"
  },
  "workspace": {
    "dependencies": [
      "jsr:@hono/hono@^4.6.3"
    ]
  }
}
