{
  "version": "3",
  "packages": {
    "specifiers": {
      "jsr:@std/encoding": "jsr:@std/encoding@1.0.5"
    },
    "jsr": {
      "@std/encoding@1.0.5": {
        "integrity": "ecf363d4fc25bd85bd915ff6733a7e79b67e0e7806334af15f4645c569fefc04"
      }
    }
  },
  "remote": {
    "https://deno.land/std@0.80.0/encoding/base64.ts": "b1d8f99b778981548457ec74bc6273ad785ffd6f61b2233bd5b30925345b565d",
    "https://deno.land/std@0.80.0/encoding/hex.ts": "07a03ba41c96060a4ed4ba272e50b9e23f3c5b3839f4b069cdebc24d57434386",
    "https://deno.land/std@0.80.0/hash/_wasm/hash.ts": "005f64c4d9343ecbc91e0da9ae5e800f146c20930ad829bbb872c5c06bd89c5f",
    "https://deno.land/std@0.80.0/hash/_wasm/wasm.js": "fa27095b91e6268682100997577f1d3478beab5b045777e27ff7b2b5d19c8fdc",
    "https://deno.land/std@0.80.0/hash/mod.ts": "e764a6a9ab2f5519a97f928e17cc13d984e3dd5c7f742ff9c1c8fb3114790f0c"
  }
}
